
Microsoft Visual Studio Solution File, Format Version 12.00
# Visual Studio Version 16
VisualStudioVersion = 16.0.31624.102
MinimumVisualStudioVersion = 10.0.40219.1
Project("{9A19103F-16F7-4668-BE54-9A1E7A4F7556}") = "Trick", "Trick.csproj", "{1DB4E64F-C871-46F0-A4BA-E97E9EC6EB76}"
EndProject
Global
	GlobalSection(SolutionConfigurationPlatforms) = preSolution
		Debug|Any CPU = Debug|Any CPU
		Release|Any CPU = Release|Any CPU
	EndGlobalSection
	GlobalSection(ProjectConfigurationPlatforms) = postSolution
		{1DB4E64F-C871-46F0-A4BA-E97E9EC6EB76}.Debug|Any CPU.ActiveCfg = Debug|Any CPU
		{1DB4E64F-C871-46F0-A4BA-E97E9EC6EB76}.Debug|Any CPU.Build.0 = Debug|Any CPU
		{1DB4E64F-C871-46F0-A4BA-E97E9EC6EB76}.Release|Any CPU.ActiveCfg = Release|Any CPU
		{1DB4E64F-C871-46F0-A4BA-E97E9EC6EB76}.Release|Any CPU.Build.0 = Release|Any CPU
	EndGlobalSection
	GlobalSection(SolutionProperties) = preSolution
		HideSolutionNode = FALSE
	EndGlobalSection
	GlobalSection(ExtensibilityGlobals) = postSolution
		SolutionGuid = {4B30D793-4C00-4ED4-8324-D5629CE190DE}
	EndGlobalSection
EndGlobal
